
Microsoft Visual Studio Solution File, Format Version 12.00
# Visual Studio Version 17
VisualStudioVersion = 17.0.31903.59
MinimumVisualStudioVersion = 10.0.40219.1
Project("{FAE04EC0-301F-11D3-BF4B-00C04F79EFBC}") = "API", "API\API.csproj", "{A6D1CA82-6B7E-4B06-B9A1-048B9BF90906}"
EndProject
Project("{FAE04EC0-301F-11D3-BF4B-00C04F79EFBC}") = "Application", "Application\Application.csproj", "{2940834A-5353-4115-ADB4-F12CEA2A3296}"
EndProject
Project("{FAE04EC0-301F-11D3-BF4B-00C04F79EFBC}") = "Domain", "Domain\Domain.csproj", "{1E13B712-0789-4045-9799-C65573CD8A4F}"
EndProject
Project("{FAE04EC0-301F-11D3-BF4B-00C04F79EFBC}") = "Persistence", "Persistence\Persistence.csproj", "{01763F78-EF3F-4D29-8529-A777F44DDF2A}"
EndProject
Global
	GlobalSection(SolutionConfigurationPlatforms) = preSolution
		Debug|Any CPU = Debug|Any CPU
		Release|Any CPU = Release|Any CPU
	EndGlobalSection
	GlobalSection(SolutionProperties) = preSolution
		HideSolutionNode = FALSE
	EndGlobalSection
	GlobalSection(ProjectConfigurationPlatforms) = postSolution
		{A6D1CA82-6B7E-4B06-B9A1-048B9BF90906}.Debug|Any CPU.ActiveCfg = Debug|Any CPU
		{A6D1CA82-6B7E-4B06-B9A1-048B9BF90906}.Debug|Any CPU.Build.0 = Debug|Any CPU
		{A6D1CA82-6B7E-4B06-B9A1-048B9BF90906}.Release|Any CPU.ActiveCfg = Release|Any CPU
		{A6D1CA82-6B7E-4B06-B9A1-048B9BF90906}.Release|Any CPU.Build.0 = Release|Any CPU
		{2940834A-5353-4115-ADB4-F12CEA2A3296}.Debug|Any CPU.ActiveCfg = Debug|Any CPU
		{2940834A-5353-4115-ADB4-F12CEA2A3296}.Debug|Any CPU.Build.0 = Debug|Any CPU
		{2940834A-5353-4115-ADB4-F12CEA2A3296}.Release|Any CPU.ActiveCfg = Release|Any CPU
		{2940834A-5353-4115-ADB4-F12CEA2A3296}.Release|Any CPU.Build.0 = Release|Any CPU
		{1E13B712-0789-4045-9799-C65573CD8A4F}.Debug|Any CPU.ActiveCfg = Debug|Any CPU
		{1E13B712-0789-4045-9799-C65573CD8A4F}.Debug|Any CPU.Build.0 = Debug|Any CPU
		{1E13B712-0789-4045-9799-C65573CD8A4F}.Release|Any CPU.ActiveCfg = Release|Any CPU
		{1E13B712-0789-4045-9799-C65573CD8A4F}.Release|Any CPU.Build.0 = Release|Any CPU
		{01763F78-EF3F-4D29-8529-A777F44DDF2A}.Debug|Any CPU.ActiveCfg = Debug|Any CPU
		{01763F78-EF3F-4D29-8529-A777F44DDF2A}.Debug|Any CPU.Build.0 = Debug|Any CPU
		{01763F78-EF3F-4D29-8529-A777F44DDF2A}.Release|Any CPU.ActiveCfg = Release|Any CPU
		{01763F78-EF3F-4D29-8529-A777F44DDF2A}.Release|Any CPU.Build.0 = Release|Any CPU
	EndGlobalSection
EndGlobal
